// !$*UTF8*$!
{
	archiveVersion = 1;
	classes = {
	};
	objectVersion = 55;
	objects = {

/* Begin PBXBuildFile section */
		349CB13428DDECFD002C2DCB /* defewgApp.swift in Sources */ = {isa = PBXBuildFile; fileRef = 349CB13328DDECFD002C2DCB /* defewgApp.swift */; };
		349CB13628DDECFD002C2DCB /* Main.swift in Sources */ = {isa = PBXBuildFile; fileRef = 349CB13528DDECFD002C2DCB /* Main.swift */; };
		349CB13828DDECFE002C2DCB /* Assets.xcassets in Resources */ = {isa = PBXBuildFile; fileRef = 349CB13728DDECFE002C2DCB /* Assets.xcassets */; };
		349CB13B28DDECFE002C2DCB /* Preview Assets.xcassets in Resources */ = {isa = PBXBuildFile; fileRef = 349CB13A28DDECFE002C2DCB /* Preview Assets.xcassets */; };
		349CB14428DDFC40002C2DCB /* RewardsPage2.swift in Sources */ = {isa = PBXBuildFile; fileRef = 349CB14328DDFC40002C2DCB /* RewardsPage2.swift */; };
		34A1A9EB28DFAD72008B6021 /* RewardsPage1.swift in Sources */ = {isa = PBXBuildFile; fileRef = 34A1A9EA28DFAD72008B6021 /* RewardsPage1.swift */; };
		34EA1E4B28DEF3E700B3A4C1 /* GamesPage.swift in Sources */ = {isa = PBXBuildFile; fileRef = 34EA1E4A28DEF3E700B3A4C1 /* GamesPage.swift */; };
		34EA1E4D28DEF8F400B3A4C1 /* LivePage.swift in Sources */ = {isa = PBXBuildFile; fileRef = 34EA1E4C28DEF8F400B3A4C1 /* LivePage.swift */; };
		34EA1E4F28DEF93E00B3A4C1 /* ChallengePage.swift in Sources */ = {isa = PBXBuildFile; fileRef = 34EA1E4E28DEF93E00B3A4C1 /* ChallengePage.swift */; };
/* End PBXBuildFile section */

/* Begin PBXFileReference section */
		349CB13028DDECFD002C2DCB /* defewg.app */ = {isa = PBXFileReference; explicitFileType = wrapper.application; includeInIndex = 0; path = defewg.app; sourceTree = BUILT_PRODUCTS_DIR; };
		349CB13328DDECFD002C2DCB /* defewgApp.swift */ = {isa = PBXFileReference; lastKnownFileType = sourcecode.swift; path = defewgApp.swift; sourceTree = "<group>"; };
		349CB13528DDECFD002C2DCB /* Main.swift */ = {isa = PBXFileReference; lastKnownFileType = sourcecode.swift; path = Main.swift; sourceTree = "<group>"; };
		349CB13728DDECFE002C2DCB /* Assets.xcassets */ = {isa = PBXFileReference; lastKnownFileType = folder.assetcatalog; path = Assets.xcassets; sourceTree = "<group>"; };
		349CB13A28DDECFE002C2DCB /* Preview Assets.xcassets */ = {isa = PBXFileReference; lastKnownFileType = folder.assetcatalog; path = "Preview Assets.xcassets"; sourceTree = "<group>"; };
		349CB14328DDFC40002C2DCB /* RewardsPage2.swift */ = {isa = PBXFileReference; lastKnownFileType = sourcecode.swift; path = RewardsPage2.swift; sourceTree = "<group>"; };
		34A1A9EA28DFAD72008B6021 /* RewardsPage1.swift */ = {isa = PBXFileReference; lastKnownFileType = sourcecode.swift; path = RewardsPage1.swift; sourceTree = "<group>"; };
		34EA1E4A28DEF3E700B3A4C1 /* GamesPage.swift */ = {isa = PBXFileReference; lastKnownFileType = sourcecode.swift; path = GamesPage.swift; sourceTree = "<group>"; };
		34EA1E4C28DEF8F400B3A4C1 /* LivePage.swift */ = {isa = PBXFileReference; lastKnownFileType = sourcecode.swift; path = LivePage.swift; sourceTree = "<group>"; };
		34EA1E4E28DEF93E00B3A4C1 /* ChallengePage.swift */ = {isa = PBXFileReference; lastKnownFileType = sourcecode.swift; path = ChallengePage.swift; sourceTree = "<group>"; };
/* End PBXFileReference section */

/* Begin PBXFrameworksBuildPhase section */
		349CB12D28DDECFD002C2DCB /* Frameworks */ = {
			isa = PBXFrameworksBuildPhase;
			buildActionMask = 2147483647;
			files = (
			);
			runOnlyForDeploymentPostprocessing = 0;
		};
/* End PBXFrameworksBuildPhase section */

/* Begin PBXGroup section */
		349CB12728DDECFD002C2DCB = {
			isa = PBXGroup;
			children = (
				349CB13228DDECFD002C2DCB /* defewg */,
				349CB13128DDECFD002C2DCB /* Products */,
			);
			sourceTree = "<group>";
		};
		349CB13128DDECFD002C2DCB /* Products */ = {
			isa = PBXGroup;
			children = (
				349CB13028DDECFD002C2DCB /* defewg.app */,
			);
			name = Products;
			sourceTree = "<group>";
		};
		349CB13228DDECFD002C2DCB /* defewg */ = {
			isa = PBXGroup;
			children = (
				349CB13328DDECFD002C2DCB /* defewgApp.swift */,
				349CB13528DDECFD002C2DCB /* Main.swift */,
				34EA1E4C28DEF8F400B3A4C1 /* LivePage.swift */,
				34EA1E4E28DEF93E00B3A4C1 /* ChallengePage.swift */,
				34EA1E4A28DEF3E700B3A4C1 /* GamesPage.swift */,
				34A1A9EA28DFAD72008B6021 /* RewardsPage1.swift */,
				349CB14328DDFC40002C2DCB /* RewardsPage2.swift */,
				349CB13728DDECFE002C2DCB /* Assets.xcassets */,
				349CB13928DDECFE002C2DCB /* Preview Content */,
			);
			path = defewg;
			sourceTree = "<group>";
		};
		349CB13928DDECFE002C2DCB /* Preview Content */ = {
			isa = PBXGroup;
			children = (
				349CB13A28DDECFE002C2DCB /* Preview Assets.xcassets */,
			);
			path = "Preview Content";
			sourceTree = "<group>";
		};
/* End PBXGroup section */

/* Begin PBXNativeTarget section */
		349CB12F28DDECFD002C2DCB /* defewg */ = {
			isa = PBXNativeTarget;
			buildConfigurationList = 349CB13E28DDECFE002C2DCB /* Build configuration list for PBXNativeTarget "defewg" */;
			buildPhases = (
				349CB12C28DDECFD002C2DCB /* Sources */,
				349CB12D28DDECFD002C2DCB /* Frameworks */,
				349CB12E28DDECFD002C2DCB /* Resources */,
			);
			buildRules = (
			);
			dependencies = (
			);
			name = defewg;
			productName = defewg;
			productReference = 349CB13028DDECFD002C2DCB /* defewg.app */;
			productType = "com.apple.product-type.application";
		};
/* End PBXNativeTarget section */

/* Begin PBXProject section */
		349CB12828DDECFD002C2DCB /* Project object */ = {
			isa = PBXProject;
			attributes = {
				BuildIndependentTargetsInParallel = 1;
				LastSwiftUpdateCheck = 1320;
				LastUpgradeCheck = 1320;
				TargetAttributes = {
					349CB12F28DDECFD002C2DCB = {
						CreatedOnToolsVersion = 13.2.1;
					};
				};
			};
			buildConfigurationList = 349CB12B28DDECFD002C2DCB /* Build configuration list for PBXProject "defewg" */;
			compatibilityVersion = "Xcode 13.0";
			developmentRegion = en;
			hasScannedForEncodings = 0;
			knownRegions = (
				en,
				Base,
			);
			mainGroup = 349CB12728DDECFD002C2DCB;
			productRefGroup = 349CB13128DDECFD002C2DCB /* Products */;
			projectDirPath = "";
			projectRoot = "";
			targets = (
				349CB12F28DDECFD002C2DCB /* defewg */,
			);
		};
/* End PBXProject section */

/* Begin PBXResourcesBuildPhase section */
		349CB12E28DDECFD002C2DCB /* Resources */ = {
			isa = PBXResourcesBuildPhase;
			buildActionMask = 2147483647;
			files = (
				349CB13B28DDECFE002C2DCB /* Preview Assets.xcassets in Resources */,
				349CB13828DDECFE002C2DCB /* Assets.xcassets in Resources */,
			);
			runOnlyForDeploymentPostprocessing = 0;
		};
/* End PBXResourcesBuildPhase section */

/* Begin PBXSourcesBuildPhase section */
		349CB12C28DDECFD002C2DCB /* Sources */ = {
			isa = PBXSourcesBuildPhase;
			buildActionMask = 2147483647;
			files = (
				34EA1E4F28DEF93E00B3A4C1 /* ChallengePage.swift in Sources */,
				34EA1E4B28DEF3E700B3A4C1 /* GamesPage.swift in Sources */,
				349CB14428DDFC40002C2DCB /* RewardsPage2.swift in Sources */,
				349CB13628DDECFD002C2DCB /* Main.swift in Sources */,
				34EA1E4D28DEF8F400B3A4C1 /* LivePage.swift in Sources */,
				349CB13428DDECFD002C2DCB /* defewgApp.swift in Sources */,
				34A1A9EB28DFAD72008B6021 /* RewardsPage1.swift in Sources */,
			);
			runOnlyForDeploymentPostprocessing = 0;
		};
/* End PBXSourcesBuildPhase section */

/* Begin XCBuildConfiguration section */
		349CB13C28DDECFE002C2DCB /* Debug */ = {
			isa = XCBuildConfiguration;
			buildSettings = {
				ALWAYS_SEARCH_USER_PATHS = NO;
				CLANG_ANALYZER_NONNULL = YES;
				CLANG_ANALYZER_NUMBER_OBJECT_CONVERSION = YES_AGGRESSIVE;
				CLANG_CXX_LANGUAGE_STANDARD = "gnu++17";
				CLANG_CXX_LIBRARY = "libc++";
				CLANG_ENABLE_MODULES = YES;
				CLANG_ENABLE_OBJC_ARC = YES;
				CLANG_ENABLE_OBJC_WEAK = YES;
				CLANG_WARN_BLOCK_CAPTURE_AUTORELEASING = YES;
				CLANG_WARN_BOOL_CONVERSION = YES;
				CLANG_WARN_COMMA = YES;
				CLANG_WARN_CONSTANT_CONVERSION = YES;
				CLANG_WARN_DEPRECATED_OBJC_IMPLEMENTATIONS = YES;
				CLANG_WARN_DIRECT_OBJC_ISA_USAGE = YES_ERROR;
				CLANG_WARN_DOCUMENTATION_COMMENTS = YES;
				CLANG_WARN_EMPTY_BODY = YES;
				CLANG_WARN_ENUM_CONVERSION = YES;
				CLANG_WARN_INFINITE_RECURSION = YES;
				CLANG_WARN_INT_CONVERSION = YES;
				CLANG_WARN_NON_LITERAL_NULL_CONVERSION = YES;
				CLANG_WARN_OBJC_IMPLICIT_RETAIN_SELF = YES;
				CLANG_WARN_OBJC_LITERAL_CONVERSION = YES;
				CLANG_WARN_OBJC_ROOT_CLASS = YES_ERROR;
				CLANG_WARN_QUOTED_INCLUDE_IN_FRAMEWORK_HEADER = YES;
				CLANG_WARN_RANGE_LOOP_ANALYSIS = YES;
				CLANG_WARN_STRICT_PROTOTYPES = YES;
				CLANG_WARN_SUSPICIOUS_MOVE = YES;
				CLANG_WARN_UNGUARDED_AVAILABILITY = YES_AGGRESSIVE;
				CLANG_WARN_UNREACHABLE_CODE = YES;
				CLANG_WARN__DUPLICATE_METHOD_MATCH = YES;
				COPY_PHASE_STRIP = NO;
				DEBUG_INFORMATION_FORMAT = dwarf;
				ENABLE_STRICT_OBJC_MSGSEND = YES;
				ENABLE_TESTABILITY = YES;
				GCC_C_LANGUAGE_STANDARD = gnu11;
				GCC_DYNAMIC_NO_PIC = NO;
				GCC_NO_COMMON_BLOCKS = YES;
				GCC_OPTIMIZATION_LEVEL = 0;
				GCC_PREPROCESSOR_DEFINITIONS = (
					"DEBUG=1",
					"$(inherited)",
				);
				GCC_WARN_64_TO_32_BIT_CONVERSION = YES;
				GCC_WARN_ABOUT_RETURN_TYPE = YES_ERROR;
				GCC_WARN_UNDECLARED_SELECTOR = YES;
				GCC_WARN_UNINITIALIZED_AUTOS = YES_AGGRESSIVE;
				GCC_WARN_UNUSED_FUNCTION = YES;
				GCC_WARN_UNUSED_VARIABLE = YES;
				IPHONEOS_DEPLOYMENT_TARGET = 15.2;
				MTL_ENABLE_DEBUG_INFO = INCLUDE_SOURCE;
				MTL_FAST_MATH = YES;
				ONLY_ACTIVE_ARCH = YES;
				SDKROOT = iphoneos;
				SWIFT_ACTIVE_COMPILATION_CONDITIONS = DEBUG;
				SWIFT_OPTIMIZATION_LEVEL = "-Onone";
			};
			name = Debug;
		};
		349CB13D28DDECFE002C2DCB /* Release */ = {
			isa = XCBuildConfiguration;
			buildSettings = {
				ALWAYS_SEARCH_USER_PATHS = NO;
				CLANG_ANALYZER_NONNULL = YES;
				CLANG_ANALYZER_NUMBER_OBJECT_CONVERSION = YES_AGGRESSIVE;
				CLANG_CXX_LANGUAGE_STANDARD = "gnu++17";
				CLANG_CXX_LIBRARY = "libc++";
				CLANG_ENABLE_MODULES = YES;
				CLANG_ENABLE_OBJC_ARC = YES;
				CLANG_ENABLE_OBJC_WEAK = YES;
				CLANG_WARN_BLOCK_CAPTURE_AUTORELEASING = YES;
				CLANG_WARN_BOOL_CONVERSION = YES;
				CLANG_WARN_COMMA = YES;
				CLANG_WARN_CONSTANT_CONVERSION = YES;
				CLANG_WARN_DEPRECATED_OBJC_IMPLEMENTATIONS = YES;
				CLANG_WARN_DIRECT_OBJC_ISA_USAGE = YES_ERROR;
				CLANG_WARN_DOCUMENTATION_COMMENTS = YES;
				CLANG_WARN_EMPTY_BODY = YES;
				CLANG_WARN_ENUM_CONVERSION = YES;
				CLANG_WARN_INFINITE_RECURSION = YES;
				CLANG_WARN_INT_CONVERSION = YES;
				CLANG_WARN_NON_LITERAL_NULL_CONVERSION = YES;
				CLANG_WARN_OBJC_IMPLICIT_RETAIN_SELF = YES;
				CLANG_WARN_OBJC_LITERAL_CONVERSION = YES;
				CLANG_WARN_OBJC_ROOT_CLASS = YES_ERROR;
				CLANG_WARN_QUOTED_INCLUDE_IN_FRAMEWORK_HEADER = YES;
				CLANG_WARN_RANGE_LOOP_ANALYSIS = YES;
				CLANG_WARN_STRICT_PROTOTYPES = YES;
				CLANG_WARN_SUSPICIOUS_MOVE = YES;
				CLANG_WARN_UNGUARDED_AVAILABILITY = YES_AGGRESSIVE;
				CLANG_WARN_UNREACHABLE_CODE = YES;
				CLANG_WARN__DUPLICATE_METHOD_MATCH = YES;
				COPY_PHASE_STRIP = NO;
				DEBUG_INFORMATION_FORMAT = "dwarf-with-dsym";
				ENABLE_NS_ASSERTIONS = NO;
				ENABLE_STRICT_OBJC_MSGSEND = YES;
				GCC_C_LANGUAGE_STANDARD = gnu11;
				GCC_NO_COMMON_BLOCKS = YES;
				GCC_WARN_64_TO_32_BIT_CONVERSION = YES;
				GCC_WARN_ABOUT_RETURN_TYPE = YES_ERROR;
				GCC_WARN_UNDECLARED_SELECTOR = YES;
				GCC_WARN_UNINITIALIZED_AUTOS = YES_AGGRESSIVE;
				GCC_WARN_UNUSED_FUNCTION = YES;
				GCC_WARN_UNUSED_VARIABLE = YES;
				IPHONEOS_DEPLOYMENT_TARGET = 15.2;
				MTL_ENABLE_DEBUG_INFO = NO;
				MTL_FAST_MATH = YES;
				SDKROOT = iphoneos;
				SWIFT_COMPILATION_MODE = wholemodule;
				SWIFT_OPTIMIZATION_LEVEL = "-O";
				VALIDATE_PRODUCT = YES;
			};
			name = Release;
		};
		349CB13F28DDECFE002C2DCB /* Debug */ = {
			isa = XCBuildConfiguration;
			buildSettings = {
				ASSETCATALOG_COMPILER_APPICON_NAME = AppIcon;
				ASSETCATALOG_COMPILER_GLOBAL_ACCENT_COLOR_NAME = AccentColor;
				CODE_SIGN_STYLE = Automatic;
				CURRENT_PROJECT_VERSION = 1;
				DEVELOPMENT_ASSET_PATHS = "\"defewg/Preview Content\"";
				ENABLE_PREVIEWS = YES;
				GENERATE_INFOPLIST_FILE = YES;
				INFOPLIST_KEY_UIApplicationSceneManifest_Generation = YES;
				INFOPLIST_KEY_UIApplicationSupportsIndirectInputEvents = YES;
				INFOPLIST_KEY_UILaunchScreen_Generation = YES;
				INFOPLIST_KEY_UISupportedInterfaceOrientations_iPad = "UIInterfaceOrientationPortrait UIInterfaceOrientationPortraitUpsideDown UIInterfaceOrientationLandscapeLeft UIInterfaceOrientationLandscapeRight";
				INFOPLIST_KEY_UISupportedInterfaceOrientations_iPhone = "UIInterfaceOrientationPortrait UIInterfaceOrientationLandscapeLeft UIInterfaceOrientationLandscapeRight";
				LD_RUNPATH_SEARCH_PATHS = (
					"$(inherited)",
					"@executable_path/Frameworks",
				);
				MARKETING_VERSION = 1.0;
				PRODUCT_BUNDLE_IDENTIFIER = com.arsgulevich.defewg;
				PRODUCT_NAME = "$(TARGET_NAME)";
				SWIFT_EMIT_LOC_STRINGS = YES;
				SWIFT_VERSION = 5.0;
				TARGETED_DEVICE_FAMILY = "1,2";
			};
			name = Debug;
		};
		349CB14028DDECFE002C2DCB /* Release */ = {
			isa = XCBuildConfiguration;
			buildSettings = {
				ASSETCATALOG_COMPILER_APPICON_NAME = AppIcon;
				ASSETCATALOG_COMPILER_GLOBAL_ACCENT_COLOR_NAME = AccentColor;
				CODE_SIGN_STYLE = Automatic;
				CURRENT_PROJECT_VERSION = 1;
				DEVELOPMENT_ASSET_PATHS = "\"defewg/Preview Content\"";
				ENABLE_PREVIEWS = YES;
				GENERATE_INFOPLIST_FILE = YES;
				INFOPLIST_KEY_UIApplicationSceneManifest_Generation = YES;
				INFOPLIST_KEY_UIApplicationSupportsIndirectInputEvents = YES;
				INFOPLIST_KEY_UILaunchScreen_Generation = YES;
				INFOPLIST_KEY_UISupportedInterfaceOrientations_iPad = "UIInterfaceOrientationPortrait UIInterfaceOrientationPortraitUpsideDown UIInterfaceOrientationLandscapeLeft UIInterfaceOrientationLandscapeRight";
				INFOPLIST_KEY_UISupportedInterfaceOrientations_iPhone = "UIInterfaceOrientationPortrait UIInterfaceOrientationLandscapeLeft UIInterfaceOrientationLandscapeRight";
				LD_RUNPATH_SEARCH_PATHS = (
					"$(inherited)",
					"@executable_path/Frameworks",
				);
				MARKETING_VERSION = 1.0;
				PRODUCT_BUNDLE_IDENTIFIER = com.arsgulevich.defewg;
				PRODUCT_NAME = "$(TARGET_NAME)";
				SWIFT_EMIT_LOC_STRINGS = YES;
				SWIFT_VERSION = 5.0;
				TARGETED_DEVICE_FAMILY = "1,2";
			};
			name = Release;
		};
/* End XCBuildConfiguration section */

/* Begin XCConfigurationList section */
		349CB12B28DDECFD002C2DCB /* Build configuration list for PBXProject "defewg" */ = {
			isa = XCConfigurationList;
			buildConfigurations = (
				349CB13C28DDECFE002C2DCB /* Debug */,
				349CB13D28DDECFE002C2DCB /* Release */,
			);
			defaultConfigurationIsVisible = 0;
			defaultConfigurationName = Release;
		};
		349CB13E28DDECFE002C2DCB /* Build configuration list for PBXNativeTarget "defewg" */ = {
			isa = XCConfigurationList;
			buildConfigurations = (
				349CB13F28DDECFE002C2DCB /* Debug */,
				349CB14028DDECFE002C2DCB /* Release */,
			);
			defaultConfigurationIsVisible = 0;
			defaultConfigurationName = Release;
		};
/* End XCConfigurationList section */
	};
	rootObject = 349CB12828DDECFD002C2DCB /* Project object */;
}
